<?xml version="1.0" encoding="utf-8"?>
<Project ToolsVersion="4.0" xmlns="http://schemas.microsoft.com/developer/msbuild/2003">
  <ItemGroup>
    <Filter Include="imgui">
      <UniqueIdentifier>{fb3d294f-51ec-478e-a627-25831c80fefd}</UniqueIdentifier>
    </Filter>
    <Filter Include="Resource Files">
      <UniqueIdentifier>{ae6dcaf8-0cee-4db9-a07b-6b3c1c3b82ef}</UniqueIdentifier>
    </Filter>
    <Filter Include="Resource Files\InEngine">
      <UniqueIdentifier>{46e437fc-3e1b-4d45-84a2-18294d5ad2ad}</UniqueIdentifier>
    </Filter>
    <Filter Include="Resource Files\Iconography">
      <UniqueIdentifier>{f80ff8ec-c3dd-4893-96e6-f060fbc4e472}</UniqueIdentifier>
    </Filter>
    <Filter Include="Src">
      <UniqueIdentifier>{4f33ddea-9910-456d-b868-4267eb3c2b19}</UniqueIdentifier>
    </Filter>
    <Filter Include="Src\CEngineInit">
      <UniqueIdentifier>{571afca1-1da8-4359-a37c-611a3b16f04b}</UniqueIdentifier>
    </Filter>
    <Filter Include="Src\CCore">
      <UniqueIdentifier>{9c7b56c3-4a66-499c-a299-3d3f0b14dc58}</UniqueIdentifier>
    </Filter>
    <Filter Include="Src\CGraphics">
      <UniqueIdentifier>{915029a7-0f66-41cb-9b5b-9b5439ecaddf}</UniqueIdentifier>
    </Filter>
    <Filter Include="Src\CMesh">
      <UniqueIdentifier>{701ab3a7-0f37-4ee7-9b64-f9724a69f8c9}</UniqueIdentifier>
    </Filter>
    <Filter Include="Src\CMesh\CPrimitives">
      <UniqueIdentifier>{772351c8-f79f-43e0-9fe5-eee6f8f250da}</UniqueIdentifier>
    </Filter>
    <Filter Include="Src\CMesh\CMeshCores">
      <UniqueIdentifier>{ac798fbd-bb88-4901-ba03-3fd754e48726}</UniqueIdentifier>
    </Filter>
    <Filter Include="imgui\imgui Implementations">
      <UniqueIdentifier>{ad0b8cfe-de88-4a52-b6ab-2714cb2a5837}</UniqueIdentifier>
    </Filter>
    <Filter Include="Src\CGraphics\CRenderer">
      <UniqueIdentifier>{4829acbf-8706-4bcd-a8bf-4421917d7c0f}</UniqueIdentifier>
    </Filter>
    <Filter Include="Src\CGraphics\CGraphicsResources">
      <UniqueIdentifier>{1c9e82ca-8bf0-4911-8ac8-c31a3917c53d}</UniqueIdentifier>
    </Filter>
    <Filter Include="Src\CShaders">
      <UniqueIdentifier>{f2fd6827-f03a-42ff-9d5f-8ede0e11388c}</UniqueIdentifier>
    </Filter>
    <Filter Include="Src\CShaders\CRaytracingShaders">
      <UniqueIdentifier>{b4977eca-bc63-4178-9ffa-a10d5f01229b}</UniqueIdentifier>
    </Filter>
    <Filter Include="Src\CShaders\CPipelineShaders">
      <UniqueIdentifier>{5cdbe867-2893-4847-b57a-5f7c07bf0f90}</UniqueIdentifier>
    </Filter>
    <Filter Include="Src\CShaders\CPipelineShaders\HullShaders">
      <UniqueIdentifier>{1eecc0c0-d7ad-407c-a6bd-6d19a6cb3d1a}</UniqueIdentifier>
    </Filter>
    <Filter Include="Src\CShaders\CPipelineShaders\PixelShaders">
      <UniqueIdentifier>{521b1340-e71a-4f0a-9b16-87caa3e6242f}</UniqueIdentifier>
    </Filter>
    <Filter Include="Src\CShaders\CPipelineShaders\VertexShaders">
      <UniqueIdentifier>{e21bd881-f778-4088-9f41-0c9c4234afe1}</UniqueIdentifier>
    </Filter>
    <Filter Include="Src\CShaders\CPipelineShaders\DomainShaders">
      <UniqueIdentifier>{34dcb987-b973-4e25-950c-8c2d6e607f00}</UniqueIdentifier>
    </Filter>
    <Filter Include="Src\CShaders\CPipelineShaders\GeometryShaders">
      <UniqueIdentifier>{6972954e-31cd-4a68-91cc-73bface61ad2}</UniqueIdentifier>
    </Filter>
    <Filter Include="Src\CShaders\CRaytracingShaders\NearMissShaders">
      <UniqueIdentifier>{be5a72b3-dabb-417c-a09b-8db5724695d6}</UniqueIdentifier>
    </Filter>
    <Filter Include="Src\CShaders\CRaytracingShaders\AnyHitShaders">
      <UniqueIdentifier>{311dd9c4-f7fd-4e65-9f72-6c0d47b1282c}</UniqueIdentifier>
    </Filter>
    <Filter Include="Src\CShaders\CRaytracingShaders\IntersectionShaders">
      <UniqueIdentifier>{4e190c5b-5a9a-43a6-b939-03e5cdb65652}</UniqueIdentifier>
    </Filter>
    <Filter Include="Src\CShaders\CRaytracingShaders\ClosestHitShaders">
      <UniqueIdentifier>{15ad8192-5ce8-48c5-9f72-6a2d89f1f1d3}</UniqueIdentifier>
    </Filter>
    <Filter Include="Src\CShaders\ComputeShaders">
      <UniqueIdentifier>{3282edca-ee0f-455d-8c4c-9f6bdd111f59}</UniqueIdentifier>
    </Filter>
    <Filter Include="Src\CGraphics\CDirectXCore">
      <UniqueIdentifier>{720fb321-dbbf-4694-9264-29ffbe750481}</UniqueIdentifier>
    </Filter>
  </ItemGroup>
  <ItemGroup>
    <ClInclude Include="..\ImGui\imconfig.h">
      <Filter>imgui</Filter>
    </ClInclude>
    <ClInclude Include="..\ImGui\imgui.h">
      <Filter>imgui</Filter>
    </ClInclude>
    <ClInclude Include="..\ImGui\imgui_internal.h">
      <Filter>imgui</Filter>
    </ClInclude>
    <ClInclude Include="..\ImGui\imstb_rectpack.h">
      <Filter>imgui</Filter>
    </ClInclude>
    <ClInclude Include="..\ImGui\imstb_textedit.h">
      <Filter>imgui</Filter>
    </ClInclude>
    <ClInclude Include="..\ImGui\imstb_truetype.h">
      <Filter>imgui</Filter>
    </ClInclude>
    <ClInclude Include="resource.h">
      <Filter>Src\CCore</Filter>
    </ClInclude>
    <ClInclude Include="CObject\CreativeMacros.h">
      <Filter>Src\CCore</Filter>
    </ClInclude>
    <ClInclude Include="CObject\d3dx12.h">
      <Filter>Src\CCore</Filter>
    </ClInclude>
    <ClInclude Include="CObject\ShaderStructures.h">
      <Filter>Src\CCore</Filter>
    </ClInclude>
    <ClInclude Include="CObject\CCircle.h">
      <Filter>Src\CMesh\CPrimitives</Filter>
    </ClInclude>
    <ClInclude Include="CObject\CCube.h">
      <Filter>Src\CMesh\CPrimitives</Filter>
    </ClInclude>
    <ClInclude Include="CObject\CCylinder.h">
      <Filter>Src\CMesh\CPrimitives</Filter>
    </ClInclude>
    <ClInclude Include="CObject\CDiamond.h">
      <Filter>Src\CMesh\CPrimitives</Filter>
    </ClInclude>
    <ClInclude Include="CObject\CHedra.h">
      <Filter>Src\CMesh\CPrimitives</Filter>
    </ClInclude>
    <ClInclude Include="CObject\CPlane.h">
      <Filter>Src\CMesh\CPrimitives</Filter>
    </ClInclude>
    <ClInclude Include="CObject\CSphere.h">
      <Filter>Src\CMesh\CPrimitives</Filter>
    </ClInclude>
    <ClInclude Include="CObject\CPyramid.h">
      <Filter>Src\CMesh\CPrimitives</Filter>
    </ClInclude>
    <ClInclude Include="CObject\CWedge.h">
      <Filter>Src\CMesh\CPrimitives</Filter>
    </ClInclude>
    <ClInclude Include="CObject\CStaticMesh.h">
      <Filter>Src\CMesh\CMeshCores</Filter>
    </ClInclude>
    <ClInclude Include="CObject\CMeshBase.h">
      <Filter>Src\CMesh\CMeshCores</Filter>
    </ClInclude>
    <ClInclude Include="CObject\CPrimitives.h">
      <Filter>Src\CMesh\CMeshCores</Filter>
    </ClInclude>
    <ClInclude Include="CObject\CMathCore.h">
      <Filter>Src\CCore</Filter>
    </ClInclude>
    <ClInclude Include="..\ImGUIBackend\imgui_impl_dx12.h">
      <Filter>imgui\imgui Implementations</Filter>
    </ClInclude>
    <ClInclude Include="..\ImGUIBackend\imgui_impl_win32.h">
      <Filter>imgui\imgui Implementations</Filter>
    </ClInclude>
    <ClInclude Include="CObject\CDirectX12Core.h">
      <Filter>Src\CGraphics\CDirectXCore</Filter>
    </ClInclude>
    <ClInclude Include="CObject\CDirectXTest.h">
      <Filter>Src\CGraphics\CDirectXCore</Filter>
    </ClInclude>
    <ClInclude Include="CObject\CGraphicsCore.h">
      <Filter>Src\CGraphics\CDirectXCore</Filter>
    </ClInclude>
    <ClInclude Include="CObject\CTestBase.h">
      <Filter>Src\CGraphics\CDirectXCore</Filter>
    </ClInclude>
    <ClInclude Include="CObject\CreativeRenderer.h">
      <Filter>Src\CGraphics\CRenderer</Filter>
    </ClInclude>
    <ClInclude Include="CObject\CRendererBase.h">
      <Filter>Src\CGraphics\CRenderer</Filter>
    </ClInclude>
    <ClInclude Include="CObject\CBaseTexture.h">
      <Filter>Src\CGraphics\CGraphicsResources</Filter>
    </ClInclude>
    <ClInclude Include="CObject\CBasicCamera.h">
      <Filter>Src\CGraphics\CGraphicsResources</Filter>
    </ClInclude>
    <ClInclude Include="CObject\CBasicMaterial.h">
      <Filter>Src\CGraphics\CGraphicsResources</Filter>
    </ClInclude>
    <ClInclude Include="CObject\CCameraCore.h">
      <Filter>Src\CGraphics\CGraphicsResources</Filter>
    </ClInclude>
    <ClInclude Include="CObject\CGraphicsResource.h">
      <Filter>Src\CGraphics\CGraphicsResources</Filter>
    </ClInclude>
    <ClInclude Include="CObject\StepTimer.h">
      <Filter>Src\CGraphics\CGraphicsResources</Filter>
    </ClInclude>
    <ClInclude Include="CObject\DirectXHelper.h">
      <Filter>Src\CCore</Filter>
    </ClInclude>
    <ClInclude Include="CObject\CDirectXShaderCompilier.h">
      <Filter>Src\CGraphics\CDirectXCore</Filter>
    </ClInclude>
  </ItemGroup>
  <ItemGroup>
    <ClCompile Include="..\ImGui\imgui.cpp">
      <Filter>imgui</Filter>
    </ClCompile>
    <ClCompile Include="..\ImGui\imgui_demo.cpp">
      <Filter>imgui</Filter>
    </ClCompile>
    <ClCompile Include="..\ImGui\imgui_draw.cpp">
      <Filter>imgui</Filter>
    </ClCompile>
    <ClCompile Include="..\ImGui\imgui_tables.cpp">
      <Filter>imgui</Filter>
    </ClCompile>
    <ClCompile Include="..\ImGui\imgui_widgets.cpp">
      <Filter>imgui</Filter>
    </ClCompile>
    <ClCompile Include="main.cpp">
      <Filter>Src\CCore</Filter>
    </ClCompile>
    <ClCompile Include="CObject\CCircle.cpp">
      <Filter>Src\CMesh\CPrimitives</Filter>
    </ClCompile>
    <ClCompile Include="CObject\CCube.cpp">
      <Filter>Src\CMesh\CPrimitives</Filter>
    </ClCompile>
    <ClCompile Include="CObject\CCylinder.cpp">
      <Filter>Src\CMesh\CPrimitives</Filter>
    </ClCompile>
    <ClCompile Include="CObject\CDiamond.cpp">
      <Filter>Src\CMesh\CPrimitives</Filter>
    </ClCompile>
    <ClCompile Include="CObject\CHedra.cpp">
      <Filter>Src\CMesh\CPrimitives</Filter>
    </ClCompile>
    <ClCompile Include="CObject\CPlane.cpp">
      <Filter>Src\CMesh\CPrimitives</Filter>
    </ClCompile>
    <ClCompile Include="CObject\CSphere.cpp">
      <Filter>Src\CMesh\CPrimitives</Filter>
    </ClCompile>
    <ClCompile Include="CObject\CPyramid.cpp">
      <Filter>Src\CMesh\CPrimitives</Filter>
    </ClCompile>
    <ClCompile Include="CObject\CWedge.cpp">
      <Filter>Src\CMesh\CPrimitives</Filter>
    </ClCompile>
    <ClCompile Include="CObject\CMeshBase.cpp">
      <Filter>Src\CMesh\CMeshCores</Filter>
    </ClCompile>
    <ClCompile Include="CObject\CPrimitives.cpp">
      <Filter>Src\CMesh\CMeshCores</Filter>
    </ClCompile>
    <ClCompile Include="CObject\CStaticMesh.cpp">
      <Filter>Src\CMesh\CMeshCores</Filter>
    </ClCompile>
    <ClCompile Include="CObject\CMathCore.cpp">
      <Filter>Src\CCore</Filter>
    </ClCompile>
    <ClCompile Include="..\ImGUIBackend\imgui_impl_dx12.cpp">
      <Filter>imgui\imgui Implementations</Filter>
    </ClCompile>
    <ClCompile Include="..\ImGUIBackend\imgui_impl_win32.cpp">
      <Filter>imgui\imgui Implementations</Filter>
    </ClCompile>
    <ClCompile Include="CObject\CDirectX12Core.cpp">
      <Filter>Src\CGraphics\CDirectXCore</Filter>
    </ClCompile>
    <ClCompile Include="CObject\CDirectXTest.cpp">
      <Filter>Src\CGraphics\CDirectXCore</Filter>
    </ClCompile>
    <ClCompile Include="CObject\CGraphicsCore.cpp">
      <Filter>Src\CGraphics\CDirectXCore</Filter>
    </ClCompile>
    <ClCompile Include="CObject\CTestBase.cpp">
      <Filter>Src\CGraphics\CDirectXCore</Filter>
    </ClCompile>
    <ClCompile Include="CObject\CreativeRenderer.cpp">
      <Filter>Src\CGraphics\CRenderer</Filter>
    </ClCompile>
    <ClCompile Include="CObject\CRendererBase.cpp">
      <Filter>Src\CGraphics\CRenderer</Filter>
    </ClCompile>
    <ClCompile Include="CObject\CBaseTexture.cpp">
      <Filter>Src\CGraphics\CGraphicsResources</Filter>
    </ClCompile>
    <ClCompile Include="CObject\CBasicCamera.cpp">
      <Filter>Src\CGraphics\CGraphicsResources</Filter>
    </ClCompile>
    <ClCompile Include="CObject\CBasicMaterial.cpp">
      <Filter>Src\CGraphics\CGraphicsResources</Filter>
    </ClCompile>
    <ClCompile Include="CObject\CCameraCore.cpp">
      <Filter>Src\CGraphics\CGraphicsResources</Filter>
    </ClCompile>
    <ClCompile Include="CObject\CGraphicsResource.cpp">
      <Filter>Src\CGraphics\CGraphicsResources</Filter>
    </ClCompile>
    <ClCompile Include="CObject\CDirectXShaderCompilier.cpp">
      <Filter>Src\CGraphics\CDirectXCore</Filter>
    </ClCompile>
  </ItemGroup>
  <ItemGroup>
    <None Include="packages.config" />
  </ItemGroup>
  <ItemGroup>
    <Image Include="misc\engineResources\CreativeEngine.ico">
      <Filter>Resource Files\Iconography</Filter>
    </Image>
    <Image Include="misc\engineResources\CreativeEngineLogo.png">
      <Filter>Resource Files\Iconography</Filter>
    </Image>
    <Image Include="misc\engineResources\CreativeEngineSplashScreen.bmp">
      <Filter>Resource Files\Iconography</Filter>
    </Image>
    <Image Include="misc\engineResources\CreativeEngineSplashScreen.png">
      <Filter>Resource Files\Iconography</Filter>
    </Image>
    <Image Include="misc\engineResources\Folder With Stuff in it.png">
      <Filter>Resource Files\InEngine</Filter>
    </Image>
    <Image Include="misc\engineResources\Folder With Stuff in it.tga">
      <Filter>Resource Files\InEngine</Filter>
    </Image>
    <Image Include="misc\engineResources\Folder.png">
      <Filter>Resource Files\InEngine</Filter>
    </Image>
    <Image Include="misc\engineResources\Folder.tga">
      <Filter>Resource Files\InEngine</Filter>
    </Image>
    <Image Include="misc\engineResources\TextureMissing.tga">
      <Filter>Resource Files\InEngine</Filter>
    </Image>
    <Image Include="misc\engineResources\TextureMissingAlpha.tga">
      <Filter>Resource Files\InEngine</Filter>
    </Image>
    <Image Include="misc\engineResources\TextureMissingAlt.tga">
      <Filter>Resource Files\InEngine</Filter>
    </Image>
  </ItemGroup>
  <ItemGroup>
    <ResourceCompile Include="Creative Engine V0.1.rc">
      <Filter>Resource Files</Filter>
    </ResourceCompile>
  </ItemGroup>
  <ItemGroup>
    <FxCompile Include="Shaders\SampleHullShader.hlsl">
      <Filter>Src\CShaders\CPipelineShaders\HullShaders</Filter>
    </FxCompile>
    <FxCompile Include="Shaders\SampleDomainShader.hlsl">
      <Filter>Src\CShaders\CPipelineShaders\DomainShaders</Filter>
    </FxCompile>
    <FxCompile Include="Shaders\SampleGeometryShader.hlsl">
      <Filter>Src\CShaders\CPipelineShaders\GeometryShaders</Filter>
    </FxCompile>
    <FxCompile Include="Shaders\SampleVertexShader.hlsl">
      <Filter>Src\CShaders\CPipelineShaders\VertexShaders</Filter>
    </FxCompile>
    <FxCompile Include="Shaders\SamplePixelShader.hlsl">
      <Filter>Src\CShaders\CPipelineShaders\PixelShaders</Filter>
    </FxCompile>
    <FxCompile Include="Shaders\CComputeShader_Mips.hlsl">
      <Filter>Src\CShaders\ComputeShaders</Filter>
    </FxCompile>
    <FxCompile Include="Shaders\WireframeVS.hlsl">
      <Filter>Src\CShaders\CPipelineShaders\VertexShaders</Filter>
    </FxCompile>
    <FxCompile Include="Shaders\WireframePS.hlsl">
      <Filter>Src\CShaders\CPipelineShaders\PixelShaders</Filter>
    </FxCompile>
    <FxCompile Include="Shaders\WireframeGS.hlsl">
      <Filter>Src\CShaders\CPipelineShaders\GeometryShaders</Filter>
    </FxCompile>
  </ItemGroup>
</Project>