<?xml version="1.0" encoding="utf-8"?>
<Project ToolsVersion="4.0" xmlns="http://schemas.microsoft.com/developer/msbuild/2003">
  <ItemGroup>
    <Filter Include="Assets">
      <UniqueIdentifier>ebf266b3-55d4-4f61-80d9-77533ec18781</UniqueIdentifier>
      <Extensions>bmp;fbx;gif;jpg;jpeg;tga;tiff;tif;png</Extensions>
    </Filter>
    <Filter Include="Content">
      <UniqueIdentifier>a78873e6-ef43-4852-b815-49a33d5ec5b6</UniqueIdentifier>
    </Filter>
    <ClInclude Include="Common\d3dx12.h">
      <Filter>Src</Filter>
    </ClInclude>
    <ClInclude Include="Common\DirectXHelper.h">
      <Filter>Src</Filter>
    </ClInclude>
    <ClInclude Include="Common\StepTimer.h">
      <Filter>Src</Filter>
    </ClInclude>
    <Image Include="Assets\LockScreenLogo.scale-200.png">
      <Filter>Assets</Filter>
    </Image>
    <Image Include="Assets\SplashScreen.scale-200.png">
      <Filter>Assets</Filter>
    </Image>
    <Image Include="Assets\Square150x150Logo.scale-200.png">
      <Filter>Assets</Filter>
    </Image>
    <Image Include="Assets\Square44x44Logo.scale-200.png">
      <Filter>Assets</Filter>
    </Image>
    <Image Include="Assets\Square44x44Logo.targetsize-24_altform-unplated.png">
      <Filter>Assets</Filter>
    </Image>
    <Image Include="Assets\StoreLogo.png">
      <Filter>Assets</Filter>
    </Image>
    <Image Include="Assets\Wide310x150Logo.scale-200.png">
      <Filter>Assets</Filter>
    </Image>
    <Filter Include="Src">
      <UniqueIdentifier>250ca3d3-e78b-490b-9fca-aad600e2aa8d</UniqueIdentifier>
    </Filter>
    <Filter Include="Src\CCore">
      <UniqueIdentifier>{d08b3836-543c-4d5a-88f6-4fa4d063375c}</UniqueIdentifier>
    </Filter>
    <Filter Include="Src\CException">
      <UniqueIdentifier>{189343f5-daae-4c32-85aa-04a85c03a5dd}</UniqueIdentifier>
    </Filter>
    <Filter Include="Src\CGraphics">
      <UniqueIdentifier>{c37b8f68-6882-4ccd-bcba-986c054c58dc}</UniqueIdentifier>
    </Filter>
    <Filter Include="Src\CMath">
      <UniqueIdentifier>{f80f34c0-2ee2-4c3d-8d88-bb11395c7515}</UniqueIdentifier>
    </Filter>
    <Filter Include="Content\Materials">
      <UniqueIdentifier>{6e94ea1c-f38f-45fe-8294-8539efe98df0}</UniqueIdentifier>
    </Filter>
    <Filter Include="Content\UI">
      <UniqueIdentifier>{b014013f-3fbb-409d-a94d-40582dd1de0d}</UniqueIdentifier>
    </Filter>
    <Filter Include="Content\3DGraphics">
      <UniqueIdentifier>{3d694e9a-8cd8-416c-aa07-7937789f0027}</UniqueIdentifier>
    </Filter>
    <Filter Include="Src\CMaterials">
      <UniqueIdentifier>{dcdbb19e-3a49-4947-ab81-77826ee5d17d}</UniqueIdentifier>
    </Filter>
    <Filter Include="Content\3DGraphics\ToolsForGeneratingMipMaps">
      <UniqueIdentifier>{fc0678ef-c744-4bc8-8eed-8fecab79b08a}</UniqueIdentifier>
    </Filter>
  </ItemGroup>
  <ItemGroup>
    <ClCompile Include="CreativeGraphicsEngine.cpp" />
    <ClCompile Include="Creative_EngineMain.cpp" />
    <ClCompile Include="pch.cpp" />
    <ClCompile Include="Common\CObject.cpp">
      <Filter>Src\CCore</Filter>
    </ClCompile>
    <ClCompile Include="Common\CException.cpp">
      <Filter>Src\CException</Filter>
    </ClCompile>
    <ClCompile Include="Common\CDirectX12Core.cpp">
      <Filter>Src\CGraphics</Filter>
    </ClCompile>
    <ClCompile Include="Common\CMathCore.cpp">
      <Filter>Src\CMath</Filter>
    </ClCompile>
    <ClCompile Include="Common\CMathGeometry.cpp">
      <Filter>Src\CMath</Filter>
    </ClCompile>
    <ClCompile Include="Common\CVertex.cpp">
      <Filter>Content\3DGraphics</Filter>
    </ClCompile>
    <ClCompile Include="Common\CBasicMaterial.cpp">
      <Filter>Src\CMaterials</Filter>
    </ClCompile>
    <ClCompile Include="Common\CRendererBase.cpp">
      <Filter>Src\CGraphics</Filter>
    </ClCompile>
    <ClCompile Include="Common\CreativeRenderer.cpp">
      <Filter>Src\CGraphics</Filter>
    </ClCompile>
  </ItemGroup>
  <ItemGroup>
    <ClInclude Include="CreativeGraphicsEngine.h" />
    <ClInclude Include="Creative_EngineMain.h" />
    <ClInclude Include="pch.h" />
    <ClInclude Include="Common\CObject.h">
      <Filter>Src\CCore</Filter>
    </ClInclude>
    <ClInclude Include="Common\CreativeMacros.h">
      <Filter>Src\CCore</Filter>
    </ClInclude>
    <ClInclude Include="Common\CException.h">
      <Filter>Src\CException</Filter>
    </ClInclude>
    <ClInclude Include="Common\CDirectX12Core.h">
      <Filter>Src\CGraphics</Filter>
    </ClInclude>
    <ClInclude Include="Common\CMathCore.h">
      <Filter>Src\CMath</Filter>
    </ClInclude>
    <ClInclude Include="Common\CMathGeometry.h">
      <Filter>Src\CMath</Filter>
    </ClInclude>
    <ClInclude Include="Common\CVertex.h">
      <Filter>Content\3DGraphics</Filter>
    </ClInclude>
    <ClInclude Include="Content\ShaderStructures.h">
      <Filter>Content\3DGraphics</Filter>
    </ClInclude>
    <ClInclude Include="Common\CBasicMaterial.h">
      <Filter>Src\CMaterials</Filter>
    </ClInclude>
    <ClInclude Include="Common\CRendererBase.h">
      <Filter>Src\CGraphics</Filter>
    </ClInclude>
    <ClInclude Include="Common\CreativeRenderer.h">
      <Filter>Src\CGraphics</Filter>
    </ClInclude>
  </ItemGroup>
  <ItemGroup>
    <AppxManifest Include="Package.appxmanifest" />
  </ItemGroup>
  <ItemGroup>
    <Image Include="Assets\BadgeLogo.scale-100.png">
      <Filter>Assets</Filter>
    </Image>
    <Image Include="Assets\BadgeLogo.scale-125.png">
      <Filter>Assets</Filter>
    </Image>
    <Image Include="Assets\BadgeLogo.scale-150.png">
      <Filter>Assets</Filter>
    </Image>
    <Image Include="Assets\BadgeLogo.scale-200.png">
      <Filter>Assets</Filter>
    </Image>
    <Image Include="Assets\BadgeLogo.scale-400.png">
      <Filter>Assets</Filter>
    </Image>
    <Image Include="Assets\LargeTile.scale-100.png">
      <Filter>Assets</Filter>
    </Image>
    <Image Include="Assets\LargeTile.scale-125.png">
      <Filter>Assets</Filter>
    </Image>
    <Image Include="Assets\LargeTile.scale-150.png">
      <Filter>Assets</Filter>
    </Image>
    <Image Include="Assets\LargeTile.scale-200.png">
      <Filter>Assets</Filter>
    </Image>
    <Image Include="Assets\LargeTile.scale-400.png">
      <Filter>Assets</Filter>
    </Image>
    <Image Include="Assets\SmallTile.scale-100.png">
      <Filter>Assets</Filter>
    </Image>
    <Image Include="Assets\SmallTile.scale-125.png">
      <Filter>Assets</Filter>
    </Image>
    <Image Include="Assets\SmallTile.scale-150.png">
      <Filter>Assets</Filter>
    </Image>
    <Image Include="Assets\SmallTile.scale-200.png">
      <Filter>Assets</Filter>
    </Image>
    <Image Include="Assets\SmallTile.scale-400.png">
      <Filter>Assets</Filter>
    </Image>
    <Image Include="Assets\SplashScreen.scale-100.png">
      <Filter>Assets</Filter>
    </Image>
    <Image Include="Assets\SplashScreen.scale-125.png">
      <Filter>Assets</Filter>
    </Image>
    <Image Include="Assets\SplashScreen.scale-150.png">
      <Filter>Assets</Filter>
    </Image>
    <Image Include="Assets\SplashScreen.scale-400.png">
      <Filter>Assets</Filter>
    </Image>
    <Image Include="Assets\Square44x44Logo.altform-lightunplated_targetsize-16.png">
      <Filter>Assets</Filter>
    </Image>
    <Image Include="Assets\Square44x44Logo.altform-lightunplated_targetsize-24.png">
      <Filter>Assets</Filter>
    </Image>
    <Image Include="Assets\Square44x44Logo.altform-lightunplated_targetsize-32.png">
      <Filter>Assets</Filter>
    </Image>
    <Image Include="Assets\Square44x44Logo.altform-lightunplated_targetsize-48.png">
      <Filter>Assets</Filter>
    </Image>
    <Image Include="Assets\Square44x44Logo.altform-lightunplated_targetsize-256.png">
      <Filter>Assets</Filter>
    </Image>
    <Image Include="Assets\Square44x44Logo.altform-unplated_targetsize-16.png">
      <Filter>Assets</Filter>
    </Image>
    <Image Include="Assets\Square44x44Logo.altform-unplated_targetsize-32.png">
      <Filter>Assets</Filter>
    </Image>
    <Image Include="Assets\Square44x44Logo.altform-unplated_targetsize-48.png">
      <Filter>Assets</Filter>
    </Image>
    <Image Include="Assets\Square44x44Logo.altform-unplated_targetsize-256.png">
      <Filter>Assets</Filter>
    </Image>
    <Image Include="Assets\Square44x44Logo.scale-100.png">
      <Filter>Assets</Filter>
    </Image>
    <Image Include="Assets\Square44x44Logo.scale-125.png">
      <Filter>Assets</Filter>
    </Image>
    <Image Include="Assets\Square44x44Logo.scale-150.png">
      <Filter>Assets</Filter>
    </Image>
    <Image Include="Assets\Square44x44Logo.scale-400.png">
      <Filter>Assets</Filter>
    </Image>
    <Image Include="Assets\Square44x44Logo.targetsize-16.png">
      <Filter>Assets</Filter>
    </Image>
    <Image Include="Assets\Square44x44Logo.targetsize-24.png">
      <Filter>Assets</Filter>
    </Image>
    <Image Include="Assets\Square44x44Logo.targetsize-32.png">
      <Filter>Assets</Filter>
    </Image>
    <Image Include="Assets\Square44x44Logo.targetsize-48.png">
      <Filter>Assets</Filter>
    </Image>
    <Image Include="Assets\Square44x44Logo.targetsize-256.png">
      <Filter>Assets</Filter>
    </Image>
    <Image Include="Assets\Square150x150Logo.scale-100.png">
      <Filter>Assets</Filter>
    </Image>
    <Image Include="Assets\Square150x150Logo.scale-125.png">
      <Filter>Assets</Filter>
    </Image>
    <Image Include="Assets\Square150x150Logo.scale-150.png">
      <Filter>Assets</Filter>
    </Image>
    <Image Include="Assets\Square150x150Logo.scale-400.png">
      <Filter>Assets</Filter>
    </Image>
    <Image Include="Assets\StoreLogo.backup(1).png">
      <Filter>Assets</Filter>
    </Image>
    <Image Include="Assets\StoreLogo.backup.png">
      <Filter>Assets</Filter>
    </Image>
    <Image Include="Assets\StoreLogo.scale-100.png">
      <Filter>Assets</Filter>
    </Image>
    <Image Include="Assets\StoreLogo.scale-125.png">
      <Filter>Assets</Filter>
    </Image>
    <Image Include="Assets\StoreLogo.scale-150.png">
      <Filter>Assets</Filter>
    </Image>
    <Image Include="Assets\StoreLogo.scale-200.png">
      <Filter>Assets</Filter>
    </Image>
    <Image Include="Assets\StoreLogo.scale-400.png">
      <Filter>Assets</Filter>
    </Image>
    <Image Include="Assets\TextureMissing.tga">
      <Filter>Assets</Filter>
    </Image>
    <Image Include="Assets\TextureMissingAlpha.tga">
      <Filter>Assets</Filter>
    </Image>
    <Image Include="Assets\TextureMissingAlt.tga">
      <Filter>Assets</Filter>
    </Image>
    <Image Include="Assets\Wide310x150Logo.scale-100.png">
      <Filter>Assets</Filter>
    </Image>
    <Image Include="Assets\Wide310x150Logo.scale-125.png">
      <Filter>Assets</Filter>
    </Image>
    <Image Include="Assets\Wide310x150Logo.scale-150.png">
      <Filter>Assets</Filter>
    </Image>
    <Image Include="Assets\Wide310x150Logo.scale-400.png">
      <Filter>Assets</Filter>
    </Image>
  </ItemGroup>
  <ItemGroup>
    <FxCompile Include="Content\SamplePixelShader.hlsl">
      <Filter>Content\3DGraphics</Filter>
    </FxCompile>
    <FxCompile Include="Content\SampleVertexShader.hlsl">
      <Filter>Content\3DGraphics</Filter>
    </FxCompile>
    <FxCompile Include="Content\SampleGeometryShader.hlsl">
      <Filter>Content\3DGraphics</Filter>
    </FxCompile>
    <FxCompile Include="Common\CComputeShader_Mips.hlsl">
      <Filter>Content\3DGraphics\ToolsForGeneratingMipMaps</Filter>
    </FxCompile>
  </ItemGroup>
  <ItemGroup>
    <Page Include="Content\Page1.xaml">
      <Filter>Content\UI</Filter>
    </Page>
    <Page Include="Content\Page2.xaml">
      <Filter>Content\UI</Filter>
    </Page>
  </ItemGroup>
</Project>