<?xml version="1.0" encoding="utf-8"?>
<Project ToolsVersion="4.0" xmlns="http://schemas.microsoft.com/developer/msbuild/2003">
  <ItemGroup>
    <Filter Include="Source Files">
      <UniqueIdentifier>{4FC737F1-C7A5-4376-A066-2A32D752A2FF}</UniqueIdentifier>
      <Extensions>cpp;c;cc;cxx;c++;cppm;ixx;def;odl;idl;hpj;bat;asm;asmx</Extensions>
    </Filter>
    <Filter Include="Header Files">
      <UniqueIdentifier>{93995380-89BD-4b04-88EB-625FBE52EBFB}</UniqueIdentifier>
      <Extensions>h;hh;hpp;hxx;h++;hm;inl;inc;ipp;xsd</Extensions>
    </Filter>
    <Filter Include="Resource Files">
      <UniqueIdentifier>{67DA6AB6-F800-4c08-8B7A-83BB121AAD01}</UniqueIdentifier>
      <Extensions>rc;ico;cur;bmp;dlg;rc2;rct;bin;rgs;gif;jpg;jpeg;jpe;resx;tiff;tif;png;wav;mfcribbon-ms</Extensions>
    </Filter>
    <Filter Include="CMath">
      <UniqueIdentifier>{dc9473e7-7474-4bc3-aed6-dfcece845f7e}</UniqueIdentifier>
    </Filter>
    <Filter Include="Core">
      <UniqueIdentifier>{66604a59-fd1b-44db-acca-5861325ce15f}</UniqueIdentifier>
    </Filter>
    <Filter Include="Core\CGeo">
      <UniqueIdentifier>{dee9a962-2a38-4078-a0da-c47fde0de60f}</UniqueIdentifier>
    </Filter>
    <Filter Include="Core\CDebug">
      <UniqueIdentifier>{555478f9-ee97-4045-b467-209a073ce4e8}</UniqueIdentifier>
    </Filter>
    <Filter Include="Resource Files\HLSL">
      <UniqueIdentifier>{f9c509ea-bffb-491e-bab4-079666c03dfc}</UniqueIdentifier>
    </Filter>
    <Filter Include="Resource Files\HLSL\Custom">
      <UniqueIdentifier>{79782858-dcbb-4fbf-9cad-e0c4e4394351}</UniqueIdentifier>
    </Filter>
    <Filter Include="Core\CGraphics">
      <UniqueIdentifier>{2220921b-f510-4123-b41a-b32c41260030}</UniqueIdentifier>
    </Filter>
    <Filter Include="Core\CGraphics\GraphicsResources">
      <UniqueIdentifier>{b6b5cd66-eed1-499b-b162-e4944c03f729}</UniqueIdentifier>
    </Filter>
    <Filter Include="Core\CGraphics\GraphicsResources\GraphicsBuffers">
      <UniqueIdentifier>{deb71c70-31ce-45fb-a642-118946467867}</UniqueIdentifier>
    </Filter>
    <Filter Include="Core\CCameras">
      <UniqueIdentifier>{043b8da8-9854-489f-b5b5-004c7a00ddfd}</UniqueIdentifier>
    </Filter>
    <Filter Include="CInput">
      <UniqueIdentifier>{2fa0e360-c26a-4c21-b353-5394ba0df7aa}</UniqueIdentifier>
    </Filter>
    <Filter Include="Core\CGraphics\GraphicsResources\DescriptorHeaps">
      <UniqueIdentifier>{0d4067e2-cf59-4369-a576-fb2f3c1811be}</UniqueIdentifier>
    </Filter>
    <Filter Include="Core\CConcurrency">
      <UniqueIdentifier>{a6c9332e-98bc-4fb3-9b11-3ef66317436b}</UniqueIdentifier>
    </Filter>
    <Filter Include="Core\CGraphics\Graphics Base Classes">
      <UniqueIdentifier>{da5bade0-54ad-404e-bf78-2c4ba6206713}</UniqueIdentifier>
    </Filter>
    <Filter Include="Core\CConcurrency\ThreadPools">
      <UniqueIdentifier>{f5b35b2c-bcc0-4849-8efa-cc810c5ac68f}</UniqueIdentifier>
    </Filter>
    <Filter Include="Core\CConcurrency\Threads">
      <UniqueIdentifier>{18268699-13ea-4ad0-b6bf-4670d218c673}</UniqueIdentifier>
    </Filter>
    <Filter Include="Core\CGraphics\GraphicsHelpers">
      <UniqueIdentifier>{98606e13-af6b-4d3e-87e0-a7bf3aed259e}</UniqueIdentifier>
    </Filter>
    <Filter Include="Core\CGraphics\FeatureSupport">
      <UniqueIdentifier>{b3e4b1fb-76c8-4fbe-93b0-dc076387bcfe}</UniqueIdentifier>
    </Filter>
  </ItemGroup>
  <ItemGroup>
    <ResourceCompile Include="Creative.rc">
      <Filter>Resource Files</Filter>
    </ResourceCompile>
  </ItemGroup>
  <ItemGroup>
    <Image Include="small.ico">
      <Filter>Resource Files</Filter>
    </Image>
    <Image Include="Creative.ico">
      <Filter>Resource Files</Filter>
    </Image>
  </ItemGroup>
  <ItemGroup>
    <ClInclude Include="Source\CMathCore.h">
      <Filter>CMath</Filter>
    </ClInclude>
    <ClInclude Include="Source\CMathGeometry.h">
      <Filter>CMath</Filter>
    </ClInclude>
    <ClInclude Include="Source\CException.h">
      <Filter>Core\CDebug</Filter>
    </ClInclude>
    <ClInclude Include="Source\CDirectXCore.h">
      <Filter>Core</Filter>
    </ClInclude>
    <ClInclude Include="Source\CObject.h">
      <Filter>Core</Filter>
    </ClInclude>
    <ClInclude Include="Source\Creative.h">
      <Filter>Core</Filter>
    </ClInclude>
    <ClInclude Include="Source\framework.h">
      <Filter>Header Files</Filter>
    </ClInclude>
    <ClInclude Include="Source\Resource.h">
      <Filter>Header Files</Filter>
    </ClInclude>
    <ClInclude Include="Source\targetver.h">
      <Filter>Header Files</Filter>
    </ClInclude>
    <ClInclude Include="Source\CreativeMacros.h">
      <Filter>Header Files</Filter>
    </ClInclude>
    <ClInclude Include="Source\CStaticMesh.h">
      <Filter>Core\CGeo</Filter>
    </ClInclude>
    <ClInclude Include="Source\CVertex.h">
      <Filter>Core\CGeo</Filter>
    </ClInclude>
    <ClInclude Include="Source\CConstantBuffer.h">
      <Filter>Core\CGraphics\GraphicsResources\GraphicsBuffers</Filter>
    </ClInclude>
    <ClInclude Include="Source\CVertexBuffer.h">
      <Filter>Core\CGraphics\GraphicsResources\GraphicsBuffers</Filter>
    </ClInclude>
    <ClInclude Include="Source\CBasicCamera.h">
      <Filter>Core\CCameras</Filter>
    </ClInclude>
    <ClInclude Include="Source\CCameraCore.h">
      <Filter>Core\CCameras</Filter>
    </ClInclude>
    <ClInclude Include="Source\CDescriptorHeap.h">
      <Filter>Core\CGraphics\GraphicsResources\DescriptorHeaps</Filter>
    </ClInclude>
    <ClInclude Include="Source\CResourceDescriptorDelegate.h">
      <Filter>Core\CGraphics\GraphicsResources\DescriptorHeaps</Filter>
    </ClInclude>
    <ClInclude Include="Source\CGPUResource.h">
      <Filter>Core\CGraphics\Graphics Base Classes</Filter>
    </ClInclude>
    <ClInclude Include="Source\CGraphicsBase.h">
      <Filter>Core\CGraphics\Graphics Base Classes</Filter>
    </ClInclude>
    <ClInclude Include="Source\CThreadPool.h">
      <Filter>Core\CConcurrency\ThreadPools</Filter>
    </ClInclude>
    <ClInclude Include="Source\ThreadPoolBase.h">
      <Filter>Core\CConcurrency\ThreadPools</Filter>
    </ClInclude>
    <ClInclude Include="Source\CThread.h">
      <Filter>Core\CConcurrency\Threads</Filter>
    </ClInclude>
    <ClInclude Include="Source\CStageDescriptorHeap.h">
      <Filter>Core\CGraphics\GraphicsResources\DescriptorHeaps</Filter>
    </ClInclude>
    <ClInclude Include="Source\CRPDescriptorHeap.h">
      <Filter>Core\CGraphics\GraphicsResources\DescriptorHeaps</Filter>
    </ClInclude>
    <ClInclude Include="Source\CreativeGraphicsUtilities.h">
      <Filter>Core\CGraphics\GraphicsHelpers</Filter>
    </ClInclude>
    <ClInclude Include="Source\CCheckFeatures.h">
      <Filter>Core\CGraphics\FeatureSupport</Filter>
    </ClInclude>
  </ItemGroup>
  <ItemGroup>
    <ClCompile Include="Source\CMathCore.cpp">
      <Filter>CMath</Filter>
    </ClCompile>
    <ClCompile Include="Source\CMathGeometry.cpp">
      <Filter>CMath</Filter>
    </ClCompile>
    <ClCompile Include="Source\CException.cpp">
      <Filter>Core\CDebug</Filter>
    </ClCompile>
    <ClCompile Include="Source\CDirectXCore.cpp">
      <Filter>Core</Filter>
    </ClCompile>
    <ClCompile Include="Source\CObject.cpp">
      <Filter>Core</Filter>
    </ClCompile>
    <ClCompile Include="Source\Creative.cpp">
      <Filter>Core</Filter>
    </ClCompile>
    <ClCompile Include="Source\CStaticMesh.cpp">
      <Filter>Core\CGeo</Filter>
    </ClCompile>
    <ClCompile Include="Source\CVertex.cpp">
      <Filter>Core\CGeo</Filter>
    </ClCompile>
    <ClCompile Include="Source\CConstantBuffer.cpp">
      <Filter>Core\CGraphics\GraphicsResources\GraphicsBuffers</Filter>
    </ClCompile>
    <ClCompile Include="Source\CVertexBuffer.cpp">
      <Filter>Core\CGraphics\GraphicsResources\GraphicsBuffers</Filter>
    </ClCompile>
    <ClCompile Include="Source\CBasicCamera.cpp">
      <Filter>Core\CCameras</Filter>
    </ClCompile>
    <ClCompile Include="Source\CCameraCore.cpp">
      <Filter>Core\CCameras</Filter>
    </ClCompile>
    <ClCompile Include="Source\CDescriptorHeap.cpp">
      <Filter>Core\CGraphics\GraphicsResources\DescriptorHeaps</Filter>
    </ClCompile>
    <ClCompile Include="Source\CResourceDescriptorDelegate.cpp">
      <Filter>Core\CGraphics\GraphicsResources\DescriptorHeaps</Filter>
    </ClCompile>
    <ClCompile Include="Source\CGPUResource.cpp">
      <Filter>Core\CGraphics\Graphics Base Classes</Filter>
    </ClCompile>
    <ClCompile Include="Source\CGraphicsBase.cpp">
      <Filter>Core\CGraphics\Graphics Base Classes</Filter>
    </ClCompile>
    <ClCompile Include="Source\CThreadPool.cpp">
      <Filter>Core\CConcurrency\ThreadPools</Filter>
    </ClCompile>
    <ClCompile Include="Source\ThreadPoolBase.cpp">
      <Filter>Core\CConcurrency\ThreadPools</Filter>
    </ClCompile>
    <ClCompile Include="Source\CThread.cpp">
      <Filter>Core\CConcurrency\Threads</Filter>
    </ClCompile>
    <ClCompile Include="Source\CStageDescriptorHeap.cpp">
      <Filter>Core\CGraphics\GraphicsResources\DescriptorHeaps</Filter>
    </ClCompile>
    <ClCompile Include="Source\CRPDescriptorHeap.cpp">
      <Filter>Core\CGraphics\GraphicsResources\DescriptorHeaps</Filter>
    </ClCompile>
    <ClCompile Include="Source\CreativeGraphicsUtilities.cpp">
      <Filter>Core\CGraphics\GraphicsHelpers</Filter>
    </ClCompile>
    <ClCompile Include="Source\CCheckFeatures.cpp">
      <Filter>Core\CGraphics\FeatureSupport</Filter>
    </ClCompile>
  </ItemGroup>
  <ItemGroup>
    <None Include="packages.config" />
  </ItemGroup>
</Project>